// !$*UTF8*$!
{
	archiveVersion = 1;
	classes = {
	};
	objectVersion = 55;
	objects = {

/* Begin PBXBuildFile section */
		437E955146F5BD8E190B2349 /* Pods_RickAndMorty_GraphQL.framework in Frameworks */ = {isa = PBXBuildFile; fileRef = FF3F44C2AFFF0AC7EDA79EA0 /* Pods_RickAndMorty_GraphQL.framework */; };
		B400A2322868B61100AED6D7 /* AppDelegate.swift in Sources */ = {isa = PBXBuildFile; fileRef = B400A2312868B61100AED6D7 /* AppDelegate.swift */; };
		B400A2342868B61100AED6D7 /* SceneDelegate.swift in Sources */ = {isa = PBXBuildFile; fileRef = B400A2332868B61100AED6D7 /* SceneDelegate.swift */; };
		B400A23B2868B61200AED6D7 /* Assets.xcassets in Resources */ = {isa = PBXBuildFile; fileRef = B400A23A2868B61200AED6D7 /* Assets.xcassets */; };
		B400A23E2868B61200AED6D7 /* LaunchScreen.storyboard in Resources */ = {isa = PBXBuildFile; fileRef = B400A23C2868B61200AED6D7 /* LaunchScreen.storyboard */; };
		B400A2532868B61200AED6D7 /* RickAndMorty_GraphQLUITests.swift in Sources */ = {isa = PBXBuildFile; fileRef = B400A2522868B61200AED6D7 /* RickAndMorty_GraphQLUITests.swift */; };
		B400A2552868B61200AED6D7 /* RickAndMorty_GraphQLUITestsLaunchTests.swift in Sources */ = {isa = PBXBuildFile; fileRef = B400A2542868B61200AED6D7 /* RickAndMorty_GraphQLUITestsLaunchTests.swift */; };
		B400A2692868B6DC00AED6D7 /* HomeVC.swift in Sources */ = {isa = PBXBuildFile; fileRef = B400A2682868B6DC00AED6D7 /* HomeVC.swift */; };
		B400A26B2868B6E500AED6D7 /* HomeViewModel.swift in Sources */ = {isa = PBXBuildFile; fileRef = B400A26A2868B6E500AED6D7 /* HomeViewModel.swift */; };
		B400A26E2868B6FB00AED6D7 /* CharacterTableViewCell.swift in Sources */ = {isa = PBXBuildFile; fileRef = B400A26D2868B6FB00AED6D7 /* CharacterTableViewCell.swift */; };
		B400A2702868BD1700AED6D7 /* String + Extension.swift in Sources */ = {isa = PBXBuildFile; fileRef = B400A26F2868BD1700AED6D7 /* String + Extension.swift */; };
		B400A2722868BD7C00AED6D7 /* SafeUnwrap.swift in Sources */ = {isa = PBXBuildFile; fileRef = B400A2712868BD7C00AED6D7 /* SafeUnwrap.swift */; };
		B400A2752868BEDA00AED6D7 /* Roboto-Bold.ttf in Resources */ = {isa = PBXBuildFile; fileRef = B400A2742868BEDA00AED6D7 /* Roboto-Bold.ttf */; };
		B400A2772868BEE000AED6D7 /* Roboto-Regular.ttf in Resources */ = {isa = PBXBuildFile; fileRef = B400A2762868BEE000AED6D7 /* Roboto-Regular.ttf */; };
		B400A2792868C15800AED6D7 /* schema.json in Resources */ = {isa = PBXBuildFile; fileRef = B400A2782868C15800AED6D7 /* schema.json */; };
		B400A27D2868C17A00AED6D7 /* Network.swift in Sources */ = {isa = PBXBuildFile; fileRef = B400A27A2868C17A00AED6D7 /* Network.swift */; };
		B400A27E2868C17A00AED6D7 /* Queries.graphql in Resources */ = {isa = PBXBuildFile; fileRef = B400A27B2868C17A00AED6D7 /* Queries.graphql */; };
		B400A27F2868C17A00AED6D7 /* GraphQLQuery.swift in Sources */ = {isa = PBXBuildFile; fileRef = B400A27C2868C17A00AED6D7 /* GraphQLQuery.swift */; };
		B400A2812868C3CA00AED6D7 /* ObservableObject.swift in Sources */ = {isa = PBXBuildFile; fileRef = B400A2802868C3CA00AED6D7 /* ObservableObject.swift */; };
		B400A2842868D55200AED6D7 /* FilterVC.swift in Sources */ = {isa = PBXBuildFile; fileRef = B400A2832868D55200AED6D7 /* FilterVC.swift */; };
		B400A2892868D6D400AED6D7 /* CharacterView.swift in Sources */ = {isa = PBXBuildFile; fileRef = B400A2882868D6D400AED6D7 /* CharacterView.swift */; };
		B400A28B2868E4C800AED6D7 /* UIViewController + Extension.swift in Sources */ = {isa = PBXBuildFile; fileRef = B400A28A2868E4C800AED6D7 /* UIViewController + Extension.swift */; };
		B400A28D2868FD9200AED6D7 /* FetchDataTest.swift in Sources */ = {isa = PBXBuildFile; fileRef = B400A28C2868FD9200AED6D7 /* FetchDataTest.swift */; };
		F33C7C044EED1B29FA804A36 /* Pods_RickAndMorty_GraphQL_RickAndMorty_GraphQLUITests.framework in Frameworks */ = {isa = PBXBuildFile; fileRef = 205B2B0D2C2C2E263FDD8CFB /* Pods_RickAndMorty_GraphQL_RickAndMorty_GraphQLUITests.framework */; };
		F9B384B6D7B24D5B7DF9B165 /* Pods_RickAndMorty_GraphQLTests.framework in Frameworks */ = {isa = PBXBuildFile; fileRef = 44BD61F73E91A6528B0F7093 /* Pods_RickAndMorty_GraphQLTests.framework */; };
/* End PBXBuildFile section */

/* Begin PBXContainerItemProxy section */
		B400A2452868B61200AED6D7 /* PBXContainerItemProxy */ = {
			isa = PBXContainerItemProxy;
			containerPortal = B400A2262868B61100AED6D7 /* Project object */;
			proxyType = 1;
			remoteGlobalIDString = B400A22D2868B61100AED6D7;
			remoteInfo = "RickAndMorty-GraphQL";
		};
		B400A24F2868B61200AED6D7 /* PBXContainerItemProxy */ = {
			isa = PBXContainerItemProxy;
			containerPortal = B400A2262868B61100AED6D7 /* Project object */;
			proxyType = 1;
			remoteGlobalIDString = B400A22D2868B61100AED6D7;
			remoteInfo = "RickAndMorty-GraphQL";
		};
/* End PBXContainerItemProxy section */

/* Begin PBXFileReference section */
		0A91E1B63CCD62AA3490F501 /* Pods-RickAndMorty-GraphQL.debug.xcconfig */ = {isa = PBXFileReference; includeInIndex = 1; lastKnownFileType = text.xcconfig; name = "Pods-RickAndMorty-GraphQL.debug.xcconfig"; path = "Target Support Files/Pods-RickAndMorty-GraphQL/Pods-RickAndMorty-GraphQL.debug.xcconfig"; sourceTree = "<group>"; };
		205B2B0D2C2C2E263FDD8CFB /* Pods_RickAndMorty_GraphQL_RickAndMorty_GraphQLUITests.framework */ = {isa = PBXFileReference; explicitFileType = wrapper.framework; includeInIndex = 0; path = Pods_RickAndMorty_GraphQL_RickAndMorty_GraphQLUITests.framework; sourceTree = BUILT_PRODUCTS_DIR; };
		26AC363D30CA5750E611DDE1 /* Pods-RickAndMorty-GraphQL-RickAndMorty-GraphQLUITests.debug.xcconfig */ = {isa = PBXFileReference; includeInIndex = 1; lastKnownFileType = text.xcconfig; name = "Pods-RickAndMorty-GraphQL-RickAndMorty-GraphQLUITests.debug.xcconfig"; path = "Target Support Files/Pods-RickAndMorty-GraphQL-RickAndMorty-GraphQLUITests/Pods-RickAndMorty-GraphQL-RickAndMorty-GraphQLUITests.debug.xcconfig"; sourceTree = "<group>"; };
		44BD61F73E91A6528B0F7093 /* Pods_RickAndMorty_GraphQLTests.framework */ = {isa = PBXFileReference; explicitFileType = wrapper.framework; includeInIndex = 0; path = Pods_RickAndMorty_GraphQLTests.framework; sourceTree = BUILT_PRODUCTS_DIR; };
		550554D9D48A7E5218CB71C0 /* Pods-RickAndMorty-GraphQLTests.debug.xcconfig */ = {isa = PBXFileReference; includeInIndex = 1; lastKnownFileType = text.xcconfig; name = "Pods-RickAndMorty-GraphQLTests.debug.xcconfig"; path = "Target Support Files/Pods-RickAndMorty-GraphQLTests/Pods-RickAndMorty-GraphQLTests.debug.xcconfig"; sourceTree = "<group>"; };
		938FD059CC97F58D5B3848DE /* Pods-RickAndMorty-GraphQLTests.release.xcconfig */ = {isa = PBXFileReference; includeInIndex = 1; lastKnownFileType = text.xcconfig; name = "Pods-RickAndMorty-GraphQLTests.release.xcconfig"; path = "Target Support Files/Pods-RickAndMorty-GraphQLTests/Pods-RickAndMorty-GraphQLTests.release.xcconfig"; sourceTree = "<group>"; };
		9CEC29CDA6A4862E2E144191 /* Pods-RickAndMorty-GraphQL-RickAndMorty-GraphQLUITests.release.xcconfig */ = {isa = PBXFileReference; includeInIndex = 1; lastKnownFileType = text.xcconfig; name = "Pods-RickAndMorty-GraphQL-RickAndMorty-GraphQLUITests.release.xcconfig"; path = "Target Support Files/Pods-RickAndMorty-GraphQL-RickAndMorty-GraphQLUITests/Pods-RickAndMorty-GraphQL-RickAndMorty-GraphQLUITests.release.xcconfig"; sourceTree = "<group>"; };
		B400A22E2868B61100AED6D7 /* RickAndMorty-GraphQL.app */ = {isa = PBXFileReference; explicitFileType = wrapper.application; includeInIndex = 0; path = "RickAndMorty-GraphQL.app"; sourceTree = BUILT_PRODUCTS_DIR; };
		B400A2312868B61100AED6D7 /* AppDelegate.swift */ = {isa = PBXFileReference; lastKnownFileType = sourcecode.swift; path = AppDelegate.swift; sourceTree = "<group>"; };
		B400A2332868B61100AED6D7 /* SceneDelegate.swift */ = {isa = PBXFileReference; lastKnownFileType = sourcecode.swift; path = SceneDelegate.swift; sourceTree = "<group>"; };
		B400A23A2868B61200AED6D7 /* Assets.xcassets */ = {isa = PBXFileReference; lastKnownFileType = folder.assetcatalog; path = Assets.xcassets; sourceTree = "<group>"; };
		B400A23D2868B61200AED6D7 /* Base */ = {isa = PBXFileReference; lastKnownFileType = file.storyboard; name = Base; path = Base.lproj/LaunchScreen.storyboard; sourceTree = "<group>"; };
		B400A23F2868B61200AED6D7 /* Info.plist */ = {isa = PBXFileReference; lastKnownFileType = text.plist.xml; path = Info.plist; sourceTree = "<group>"; };
		B400A2442868B61200AED6D7 /* RickAndMorty-GraphQLTests.xctest */ = {isa = PBXFileReference; explicitFileType = wrapper.cfbundle; includeInIndex = 0; path = "RickAndMorty-GraphQLTests.xctest"; sourceTree = BUILT_PRODUCTS_DIR; };
		B400A24E2868B61200AED6D7 /* RickAndMorty-GraphQLUITests.xctest */ = {isa = PBXFileReference; explicitFileType = wrapper.cfbundle; includeInIndex = 0; path = "RickAndMorty-GraphQLUITests.xctest"; sourceTree = BUILT_PRODUCTS_DIR; };
		B400A2522868B61200AED6D7 /* RickAndMorty_GraphQLUITests.swift */ = {isa = PBXFileReference; lastKnownFileType = sourcecode.swift; path = RickAndMorty_GraphQLUITests.swift; sourceTree = "<group>"; };
		B400A2542868B61200AED6D7 /* RickAndMorty_GraphQLUITestsLaunchTests.swift */ = {isa = PBXFileReference; lastKnownFileType = sourcecode.swift; path = RickAndMorty_GraphQLUITestsLaunchTests.swift; sourceTree = "<group>"; };
		B400A2682868B6DC00AED6D7 /* HomeVC.swift */ = {isa = PBXFileReference; lastKnownFileType = sourcecode.swift; path = HomeVC.swift; sourceTree = "<group>"; };
		B400A26A2868B6E500AED6D7 /* HomeViewModel.swift */ = {isa = PBXFileReference; lastKnownFileType = sourcecode.swift; path = HomeViewModel.swift; sourceTree = "<group>"; };
		B400A26D2868B6FB00AED6D7 /* CharacterTableViewCell.swift */ = {isa = PBXFileReference; lastKnownFileType = sourcecode.swift; path = CharacterTableViewCell.swift; sourceTree = "<group>"; };
		B400A26F2868BD1700AED6D7 /* String + Extension.swift */ = {isa = PBXFileReference; lastKnownFileType = sourcecode.swift; path = "String + Extension.swift"; sourceTree = "<group>"; };
		B400A2712868BD7C00AED6D7 /* SafeUnwrap.swift */ = {isa = PBXFileReference; lastKnownFileType = sourcecode.swift; path = SafeUnwrap.swift; sourceTree = "<group>"; };
		B400A2742868BEDA00AED6D7 /* Roboto-Bold.ttf */ = {isa = PBXFileReference; lastKnownFileType = file; path = "Roboto-Bold.ttf"; sourceTree = "<group>"; };
		B400A2762868BEE000AED6D7 /* Roboto-Regular.ttf */ = {isa = PBXFileReference; lastKnownFileType = file; path = "Roboto-Regular.ttf"; sourceTree = "<group>"; };
		B400A2782868C15800AED6D7 /* schema.json */ = {isa = PBXFileReference; fileEncoding = 4; lastKnownFileType = text.json; path = schema.json; sourceTree = "<group>"; };
		B400A27A2868C17A00AED6D7 /* Network.swift */ = {isa = PBXFileReference; fileEncoding = 4; lastKnownFileType = sourcecode.swift; path = Network.swift; sourceTree = "<group>"; };
		B400A27B2868C17A00AED6D7 /* Queries.graphql */ = {isa = PBXFileReference; fileEncoding = 4; lastKnownFileType = text; path = Queries.graphql; sourceTree = "<group>"; };
		B400A27C2868C17A00AED6D7 /* GraphQLQuery.swift */ = {isa = PBXFileReference; fileEncoding = 4; lastKnownFileType = sourcecode.swift; path = GraphQLQuery.swift; sourceTree = "<group>"; };
		B400A2802868C3CA00AED6D7 /* ObservableObject.swift */ = {isa = PBXFileReference; lastKnownFileType = sourcecode.swift; path = ObservableObject.swift; sourceTree = "<group>"; };
		B400A2832868D55200AED6D7 /* FilterVC.swift */ = {isa = PBXFileReference; lastKnownFileType = sourcecode.swift; path = FilterVC.swift; sourceTree = "<group>"; };
		B400A2882868D6D400AED6D7 /* CharacterView.swift */ = {isa = PBXFileReference; lastKnownFileType = sourcecode.swift; path = CharacterView.swift; sourceTree = "<group>"; };
		B400A28A2868E4C800AED6D7 /* UIViewController + Extension.swift */ = {isa = PBXFileReference; lastKnownFileType = sourcecode.swift; path = "UIViewController + Extension.swift"; sourceTree = "<group>"; };
		B400A28C2868FD9200AED6D7 /* FetchDataTest.swift */ = {isa = PBXFileReference; lastKnownFileType = sourcecode.swift; path = FetchDataTest.swift; sourceTree = "<group>"; };
		CA8209C95B25DF8215509761 /* Pods-RickAndMorty-GraphQL.release.xcconfig */ = {isa = PBXFileReference; includeInIndex = 1; lastKnownFileType = text.xcconfig; name = "Pods-RickAndMorty-GraphQL.release.xcconfig"; path = "Target Support Files/Pods-RickAndMorty-GraphQL/Pods-RickAndMorty-GraphQL.release.xcconfig"; sourceTree = "<group>"; };
		FF3F44C2AFFF0AC7EDA79EA0 /* Pods_RickAndMorty_GraphQL.framework */ = {isa = PBXFileReference; explicitFileType = wrapper.framework; includeInIndex = 0; path = Pods_RickAndMorty_GraphQL.framework; sourceTree = BUILT_PRODUCTS_DIR; };
/* End PBXFileReference section */

/* Begin PBXFrameworksBuildPhase section */
		B400A22B2868B61100AED6D7 /* Frameworks */ = {
			isa = PBXFrameworksBuildPhase;
			buildActionMask = 2147483647;
			files = (
				437E955146F5BD8E190B2349 /* Pods_RickAndMorty_GraphQL.framework in Frameworks */,
			);
			runOnlyForDeploymentPostprocessing = 0;
		};
		B400A2412868B61200AED6D7 /* Frameworks */ = {
			isa = PBXFrameworksBuildPhase;
			buildActionMask = 2147483647;
			files = (
				F9B384B6D7B24D5B7DF9B165 /* Pods_RickAndMorty_GraphQLTests.framework in Frameworks */,
			);
			runOnlyForDeploymentPostprocessing = 0;
		};
		B400A24B2868B61200AED6D7 /* Frameworks */ = {
			isa = PBXFrameworksBuildPhase;
			buildActionMask = 2147483647;
			files = (
				F33C7C044EED1B29FA804A36 /* Pods_RickAndMorty_GraphQL_RickAndMorty_GraphQLUITests.framework in Frameworks */,
			);
			runOnlyForDeploymentPostprocessing = 0;
		};
/* End PBXFrameworksBuildPhase section */

/* Begin PBXGroup section */
		1B55A02DC06EF8598A8663E9 /* Pods */ = {
			isa = PBXGroup;
			children = (
				0A91E1B63CCD62AA3490F501 /* Pods-RickAndMorty-GraphQL.debug.xcconfig */,
				CA8209C95B25DF8215509761 /* Pods-RickAndMorty-GraphQL.release.xcconfig */,
				26AC363D30CA5750E611DDE1 /* Pods-RickAndMorty-GraphQL-RickAndMorty-GraphQLUITests.debug.xcconfig */,
				9CEC29CDA6A4862E2E144191 /* Pods-RickAndMorty-GraphQL-RickAndMorty-GraphQLUITests.release.xcconfig */,
				550554D9D48A7E5218CB71C0 /* Pods-RickAndMorty-GraphQLTests.debug.xcconfig */,
				938FD059CC97F58D5B3848DE /* Pods-RickAndMorty-GraphQLTests.release.xcconfig */,
			);
			path = Pods;
			sourceTree = "<group>";
		};
		AA83C57FF4EE4E159C3BDD58 /* Frameworks */ = {
			isa = PBXGroup;
			children = (
				FF3F44C2AFFF0AC7EDA79EA0 /* Pods_RickAndMorty_GraphQL.framework */,
				205B2B0D2C2C2E263FDD8CFB /* Pods_RickAndMorty_GraphQL_RickAndMorty_GraphQLUITests.framework */,
				44BD61F73E91A6528B0F7093 /* Pods_RickAndMorty_GraphQLTests.framework */,
			);
			name = Frameworks;
			sourceTree = "<group>";
		};
		B400A2252868B61100AED6D7 = {
			isa = PBXGroup;
			children = (
				B400A2302868B61100AED6D7 /* RickAndMorty-GraphQL */,
				B400A2472868B61200AED6D7 /* RickAndMorty-GraphQLTests */,
				B400A2512868B61200AED6D7 /* RickAndMorty-GraphQLUITests */,
				B400A22F2868B61100AED6D7 /* Products */,
				1B55A02DC06EF8598A8663E9 /* Pods */,
				AA83C57FF4EE4E159C3BDD58 /* Frameworks */,
			);
			sourceTree = "<group>";
		};
		B400A22F2868B61100AED6D7 /* Products */ = {
			isa = PBXGroup;
			children = (
				B400A22E2868B61100AED6D7 /* RickAndMorty-GraphQL.app */,
				B400A2442868B61200AED6D7 /* RickAndMorty-GraphQLTests.xctest */,
				B400A24E2868B61200AED6D7 /* RickAndMorty-GraphQLUITests.xctest */,
			);
			name = Products;
			sourceTree = "<group>";
		};
		B400A2302868B61100AED6D7 /* RickAndMorty-GraphQL */ = {
			isa = PBXGroup;
			children = (
				B400A2652868B6B400AED6D7 /* Application */,
				B400A2662868B6BE00AED6D7 /* Networking */,
				B400A2852868D6A700AED6D7 /* Components */,
				B400A2622868B69D00AED6D7 /* Utils */,
				B400A2612868B68E00AED6D7 /* Supporting Files */,
				B400A23F2868B61200AED6D7 /* Info.plist */,
			);
			path = "RickAndMorty-GraphQL";
			sourceTree = "<group>";
		};
		B400A2472868B61200AED6D7 /* RickAndMorty-GraphQLTests */ = {
			isa = PBXGroup;
			children = (
				B400A28C2868FD9200AED6D7 /* FetchDataTest.swift */,
			);
			path = "RickAndMorty-GraphQLTests";
			sourceTree = "<group>";
		};
		B400A2512868B61200AED6D7 /* RickAndMorty-GraphQLUITests */ = {
			isa = PBXGroup;
			children = (
				B400A2522868B61200AED6D7 /* RickAndMorty_GraphQLUITests.swift */,
				B400A2542868B61200AED6D7 /* RickAndMorty_GraphQLUITestsLaunchTests.swift */,
			);
			path = "RickAndMorty-GraphQLUITests";
			sourceTree = "<group>";
		};
		B400A2612868B68E00AED6D7 /* Supporting Files */ = {
			isa = PBXGroup;
			children = (
				B400A2732868BECD00AED6D7 /* Fonts */,
				B400A23C2868B61200AED6D7 /* LaunchScreen.storyboard */,
				B400A23A2868B61200AED6D7 /* Assets.xcassets */,
			);
			path = "Supporting Files";
			sourceTree = "<group>";
		};
		B400A2622868B69D00AED6D7 /* Utils */ = {
			isa = PBXGroup;
			children = (
				B400A2632868B6A200AED6D7 /* Extensions */,
				B400A2712868BD7C00AED6D7 /* SafeUnwrap.swift */,
				B400A2802868C3CA00AED6D7 /* ObservableObject.swift */,
			);
			path = Utils;
			sourceTree = "<group>";
		};
		B400A2632868B6A200AED6D7 /* Extensions */ = {
			isa = PBXGroup;
			children = (
				B400A26F2868BD1700AED6D7 /* String + Extension.swift */,
				B400A28A2868E4C800AED6D7 /* UIViewController + Extension.swift */,
			);
			path = Extensions;
			sourceTree = "<group>";
		};
		B400A2642868B6A800AED6D7 /* App-SceneDelegate */ = {
			isa = PBXGroup;
			children = (
				B400A2312868B61100AED6D7 /* AppDelegate.swift */,
				B400A2332868B61100AED6D7 /* SceneDelegate.swift */,
			);
			path = "App-SceneDelegate";
			sourceTree = "<group>";
		};
		B400A2652868B6B400AED6D7 /* Application */ = {
			isa = PBXGroup;
			children = (
				B400A2642868B6A800AED6D7 /* App-SceneDelegate */,
				B400A2672868B6C600AED6D7 /* HomeVC */,
				B400A2822868D52700AED6D7 /* FilterVC */,
			);
			path = Application;
			sourceTree = "<group>";
		};
		B400A2662868B6BE00AED6D7 /* Networking */ = {
			isa = PBXGroup;
			children = (
				B400A27C2868C17A00AED6D7 /* GraphQLQuery.swift */,
				B400A27A2868C17A00AED6D7 /* Network.swift */,
				B400A27B2868C17A00AED6D7 /* Queries.graphql */,
				B400A2782868C15800AED6D7 /* schema.json */,
			);
			path = Networking;
			sourceTree = "<group>";
		};
		B400A2672868B6C600AED6D7 /* HomeVC */ = {
			isa = PBXGroup;
			children = (
				B400A26C2868B6EB00AED6D7 /* CharacterCell */,
				B400A2682868B6DC00AED6D7 /* HomeVC.swift */,
				B400A26A2868B6E500AED6D7 /* HomeViewModel.swift */,
			);
			path = HomeVC;
			sourceTree = "<group>";
		};
		B400A26C2868B6EB00AED6D7 /* CharacterCell */ = {
			isa = PBXGroup;
			children = (
				B400A26D2868B6FB00AED6D7 /* CharacterTableViewCell.swift */,
			);
			path = CharacterCell;
			sourceTree = "<group>";
		};
		B400A2732868BECD00AED6D7 /* Fonts */ = {
			isa = PBXGroup;
			children = (
				B400A2742868BEDA00AED6D7 /* Roboto-Bold.ttf */,
				B400A2762868BEE000AED6D7 /* Roboto-Regular.ttf */,
			);
			path = Fonts;
			sourceTree = "<group>";
		};
		B400A2822868D52700AED6D7 /* FilterVC */ = {
			isa = PBXGroup;
			children = (
				B400A2832868D55200AED6D7 /* FilterVC.swift */,
			);
			path = FilterVC;
			sourceTree = "<group>";
		};
		B400A2852868D6A700AED6D7 /* Components */ = {
			isa = PBXGroup;
			children = (
				B400A2882868D6D400AED6D7 /* CharacterView.swift */,
			);
			path = Components;
			sourceTree = "<group>";
		};
/* End PBXGroup section */

/* Begin PBXNativeTarget section */
		B400A22D2868B61100AED6D7 /* RickAndMorty-GraphQL */ = {
			isa = PBXNativeTarget;
			buildConfigurationList = B400A2582868B61300AED6D7 /* Build configuration list for PBXNativeTarget "RickAndMorty-GraphQL" */;
			buildPhases = (
				2415137AA14FFA6219319C1E /* [CP] Check Pods Manifest.lock */,
				B400A22A2868B61100AED6D7 /* Sources */,
				B400A22B2868B61100AED6D7 /* Frameworks */,
				B400A22C2868B61100AED6D7 /* Resources */,
				01062EEBCED869A4F1983FD1 /* [CP] Embed Pods Frameworks */,
			);
			buildRules = (
			);
			dependencies = (
			);
			name = "RickAndMorty-GraphQL";
			productName = "RickAndMorty-GraphQL";
			productReference = B400A22E2868B61100AED6D7 /* RickAndMorty-GraphQL.app */;
			productType = "com.apple.product-type.application";
		};
		B400A2432868B61200AED6D7 /* RickAndMorty-GraphQLTests */ = {
			isa = PBXNativeTarget;
			buildConfigurationList = B400A25B2868B61300AED6D7 /* Build configuration list for PBXNativeTarget "RickAndMorty-GraphQLTests" */;
			buildPhases = (
				37581ED3A01C4FE151D5A281 /* [CP] Check Pods Manifest.lock */,
				B400A2402868B61200AED6D7 /* Sources */,
				B400A2412868B61200AED6D7 /* Frameworks */,
				B400A2422868B61200AED6D7 /* Resources */,
			);
			buildRules = (
			);
			dependencies = (
				B400A2462868B61200AED6D7 /* PBXTargetDependency */,
			);
			name = "RickAndMorty-GraphQLTests";
			productName = "RickAndMorty-GraphQLTests";
			productReference = B400A2442868B61200AED6D7 /* RickAndMorty-GraphQLTests.xctest */;
			productType = "com.apple.product-type.bundle.unit-test";
		};
		B400A24D2868B61200AED6D7 /* RickAndMorty-GraphQLUITests */ = {
			isa = PBXNativeTarget;
			buildConfigurationList = B400A25E2868B61300AED6D7 /* Build configuration list for PBXNativeTarget "RickAndMorty-GraphQLUITests" */;
			buildPhases = (
				02331102163CD47A3CC9F77C /* [CP] Check Pods Manifest.lock */,
				B400A24A2868B61200AED6D7 /* Sources */,
				B400A24B2868B61200AED6D7 /* Frameworks */,
				B400A24C2868B61200AED6D7 /* Resources */,
				064CDCAA1311982B6D87FAB2 /* [CP] Embed Pods Frameworks */,
			);
			buildRules = (
			);
			dependencies = (
				B400A2502868B61200AED6D7 /* PBXTargetDependency */,
			);
			name = "RickAndMorty-GraphQLUITests";
			productName = "RickAndMorty-GraphQLUITests";
			productReference = B400A24E2868B61200AED6D7 /* RickAndMorty-GraphQLUITests.xctest */;
			productType = "com.apple.product-type.bundle.ui-testing";
		};
/* End PBXNativeTarget section */

/* Begin PBXProject section */
		B400A2262868B61100AED6D7 /* Project object */ = {
			isa = PBXProject;
			attributes = {
				BuildIndependentTargetsInParallel = 1;
				LastSwiftUpdateCheck = 1330;
				LastUpgradeCheck = 1330;
				TargetAttributes = {
					B400A22D2868B61100AED6D7 = {
						CreatedOnToolsVersion = 13.3;
					};
					B400A2432868B61200AED6D7 = {
						CreatedOnToolsVersion = 13.3;
						TestTargetID = B400A22D2868B61100AED6D7;
					};
					B400A24D2868B61200AED6D7 = {
						CreatedOnToolsVersion = 13.3;
						TestTargetID = B400A22D2868B61100AED6D7;
					};
				};
			};
			buildConfigurationList = B400A2292868B61100AED6D7 /* Build configuration list for PBXProject "RickAndMorty-GraphQL" */;
			compatibilityVersion = "Xcode 13.0";
			developmentRegion = en;
			hasScannedForEncodings = 0;
			knownRegions = (
				en,
				Base,
			);
			mainGroup = B400A2252868B61100AED6D7;
			productRefGroup = B400A22F2868B61100AED6D7 /* Products */;
			projectDirPath = "";
			projectRoot = "";
			targets = (
				B400A22D2868B61100AED6D7 /* RickAndMorty-GraphQL */,
				B400A2432868B61200AED6D7 /* RickAndMorty-GraphQLTests */,
				B400A24D2868B61200AED6D7 /* RickAndMorty-GraphQLUITests */,
			);
		};
/* End PBXProject section */

/* Begin PBXResourcesBuildPhase section */
		B400A22C2868B61100AED6D7 /* Resources */ = {
			isa = PBXResourcesBuildPhase;
			buildActionMask = 2147483647;
			files = (
				B400A27E2868C17A00AED6D7 /* Queries.graphql in Resources */,
				B400A23E2868B61200AED6D7 /* LaunchScreen.storyboard in Resources */,
				B400A2792868C15800AED6D7 /* schema.json in Resources */,
				B400A23B2868B61200AED6D7 /* Assets.xcassets in Resources */,
				B400A2772868BEE000AED6D7 /* Roboto-Regular.ttf in Resources */,
				B400A2752868BEDA00AED6D7 /* Roboto-Bold.ttf in Resources */,
			);
			runOnlyForDeploymentPostprocessing = 0;
		};
		B400A2422868B61200AED6D7 /* Resources */ = {
			isa = PBXResourcesBuildPhase;
			buildActionMask = 2147483647;
			files = (
			);
			runOnlyForDeploymentPostprocessing = 0;
		};
		B400A24C2868B61200AED6D7 /* Resources */ = {
			isa = PBXResourcesBuildPhase;
			buildActionMask = 2147483647;
			files = (
			);
			runOnlyForDeploymentPostprocessing = 0;
		};
/* End PBXResourcesBuildPhase section */

/* Begin PBXShellScriptBuildPhase section */
		01062EEBCED869A4F1983FD1 /* [CP] Embed Pods Frameworks */ = {
			isa = PBXShellScriptBuildPhase;
			buildActionMask = 2147483647;
			files = (
			);
			inputFileListPaths = (
				"${PODS_ROOT}/Target Support Files/Pods-RickAndMorty-GraphQL/Pods-RickAndMorty-GraphQL-frameworks-${CONFIGURATION}-input-files.xcfilelist",
			);
			name = "[CP] Embed Pods Frameworks";
			outputFileListPaths = (
				"${PODS_ROOT}/Target Support Files/Pods-RickAndMorty-GraphQL/Pods-RickAndMorty-GraphQL-frameworks-${CONFIGURATION}-output-files.xcfilelist",
			);
			runOnlyForDeploymentPostprocessing = 0;
			shellPath = /bin/sh;
			shellScript = "\"${PODS_ROOT}/Target Support Files/Pods-RickAndMorty-GraphQL/Pods-RickAndMorty-GraphQL-frameworks.sh\"\n";
			showEnvVarsInLog = 0;
		};
		02331102163CD47A3CC9F77C /* [CP] Check Pods Manifest.lock */ = {
			isa = PBXShellScriptBuildPhase;
			buildActionMask = 2147483647;
			files = (
			);
			inputFileListPaths = (
			);
			inputPaths = (
				"${PODS_PODFILE_DIR_PATH}/Podfile.lock",
				"${PODS_ROOT}/Manifest.lock",
			);
			name = "[CP] Check Pods Manifest.lock";
			outputFileListPaths = (
			);
			outputPaths = (
				"$(DERIVED_FILE_DIR)/Pods-RickAndMorty-GraphQL-RickAndMorty-GraphQLUITests-checkManifestLockResult.txt",
			);
			runOnlyForDeploymentPostprocessing = 0;
			shellPath = /bin/sh;
			shellScript = "diff \"${PODS_PODFILE_DIR_PATH}/Podfile.lock\" \"${PODS_ROOT}/Manifest.lock\" > /dev/null\nif [ $? != 0 ] ; then\n    # print error to STDERR\n    echo \"error: The sandbox is not in sync with the Podfile.lock. Run 'pod install' or update your CocoaPods installation.\" >&2\n    exit 1\nfi\n# This output is used by Xcode 'outputs' to avoid re-running this script phase.\necho \"SUCCESS\" > \"${SCRIPT_OUTPUT_FILE_0}\"\n";
			showEnvVarsInLog = 0;
		};
		064CDCAA1311982B6D87FAB2 /* [CP] Embed Pods Frameworks */ = {
			isa = PBXShellScriptBuildPhase;
			buildActionMask = 2147483647;
			files = (
			);
			inputFileListPaths = (
				"${PODS_ROOT}/Target Support Files/Pods-RickAndMorty-GraphQL-RickAndMorty-GraphQLUITests/Pods-RickAndMorty-GraphQL-RickAndMorty-GraphQLUITests-frameworks-${CONFIGURATION}-input-files.xcfilelist",
			);
			name = "[CP] Embed Pods Frameworks";
			outputFileListPaths = (
				"${PODS_ROOT}/Target Support Files/Pods-RickAndMorty-GraphQL-RickAndMorty-GraphQLUITests/Pods-RickAndMorty-GraphQL-RickAndMorty-GraphQLUITests-frameworks-${CONFIGURATION}-output-files.xcfilelist",
			);
			runOnlyForDeploymentPostprocessing = 0;
			shellPath = /bin/sh;
			shellScript = "\"${PODS_ROOT}/Target Support Files/Pods-RickAndMorty-GraphQL-RickAndMorty-GraphQLUITests/Pods-RickAndMorty-GraphQL-RickAndMorty-GraphQLUITests-frameworks.sh\"\n";
			showEnvVarsInLog = 0;
		};
		2415137AA14FFA6219319C1E /* [CP] Check Pods Manifest.lock */ = {
			isa = PBXShellScriptBuildPhase;
			buildActionMask = 2147483647;
			files = (
			);
			inputFileListPaths = (
			);
			inputPaths = (
				"${PODS_PODFILE_DIR_PATH}/Podfile.lock",
				"${PODS_ROOT}/Manifest.lock",
			);
			name = "[CP] Check Pods Manifest.lock";
			outputFileListPaths = (
			);
			outputPaths = (
				"$(DERIVED_FILE_DIR)/Pods-RickAndMorty-GraphQL-checkManifestLockResult.txt",
			);
			runOnlyForDeploymentPostprocessing = 0;
			shellPath = /bin/sh;
			shellScript = "diff \"${PODS_PODFILE_DIR_PATH}/Podfile.lock\" \"${PODS_ROOT}/Manifest.lock\" > /dev/null\nif [ $? != 0 ] ; then\n    # print error to STDERR\n    echo \"error: The sandbox is not in sync with the Podfile.lock. Run 'pod install' or update your CocoaPods installation.\" >&2\n    exit 1\nfi\n# This output is used by Xcode 'outputs' to avoid re-running this script phase.\necho \"SUCCESS\" > \"${SCRIPT_OUTPUT_FILE_0}\"\n";
			showEnvVarsInLog = 0;
		};
		37581ED3A01C4FE151D5A281 /* [CP] Check Pods Manifest.lock */ = {
			isa = PBXShellScriptBuildPhase;
			buildActionMask = 2147483647;
			files = (
			);
			inputFileListPaths = (
			);
			inputPaths = (
				"${PODS_PODFILE_DIR_PATH}/Podfile.lock",
				"${PODS_ROOT}/Manifest.lock",
			);
			name = "[CP] Check Pods Manifest.lock";
			outputFileListPaths = (
			);
			outputPaths = (
				"$(DERIVED_FILE_DIR)/Pods-RickAndMorty-GraphQLTests-checkManifestLockResult.txt",
			);
			runOnlyForDeploymentPostprocessing = 0;
			shellPath = /bin/sh;
			shellScript = "diff \"${PODS_PODFILE_DIR_PATH}/Podfile.lock\" \"${PODS_ROOT}/Manifest.lock\" > /dev/null\nif [ $? != 0 ] ; then\n    # print error to STDERR\n    echo \"error: The sandbox is not in sync with the Podfile.lock. Run 'pod install' or update your CocoaPods installation.\" >&2\n    exit 1\nfi\n# This output is used by Xcode 'outputs' to avoid re-running this script phase.\necho \"SUCCESS\" > \"${SCRIPT_OUTPUT_FILE_0}\"\n";
			showEnvVarsInLog = 0;
		};
/* End PBXShellScriptBuildPhase section */

/* Begin PBXSourcesBuildPhase section */
		B400A22A2868B61100AED6D7 /* Sources */ = {
			isa = PBXSourcesBuildPhase;
			buildActionMask = 2147483647;
			files = (
				B400A2722868BD7C00AED6D7 /* SafeUnwrap.swift in Sources */,
				B400A2692868B6DC00AED6D7 /* HomeVC.swift in Sources */,
				B400A27D2868C17A00AED6D7 /* Network.swift in Sources */,
				B400A2322868B61100AED6D7 /* AppDelegate.swift in Sources */,
				B400A2702868BD1700AED6D7 /* String + Extension.swift in Sources */,
				B400A2812868C3CA00AED6D7 /* ObservableObject.swift in Sources */,
				B400A2892868D6D400AED6D7 /* CharacterView.swift in Sources */,
				B400A26E2868B6FB00AED6D7 /* CharacterTableViewCell.swift in Sources */,
				B400A2342868B61100AED6D7 /* SceneDelegate.swift in Sources */,
				B400A26B2868B6E500AED6D7 /* HomeViewModel.swift in Sources */,
				B400A2842868D55200AED6D7 /* FilterVC.swift in Sources */,
				B400A28B2868E4C800AED6D7 /* UIViewController + Extension.swift in Sources */,
				B400A27F2868C17A00AED6D7 /* GraphQLQuery.swift in Sources */,
			);
			runOnlyForDeploymentPostprocessing = 0;
		};
		B400A2402868B61200AED6D7 /* Sources */ = {
			isa = PBXSourcesBuildPhase;
			buildActionMask = 2147483647;
			files = (
				B400A28D2868FD9200AED6D7 /* FetchDataTest.swift in Sources */,
			);
			runOnlyForDeploymentPostprocessing = 0;
		};
		B400A24A2868B61200AED6D7 /* Sources */ = {
			isa = PBXSourcesBuildPhase;
			buildActionMask = 2147483647;
			files = (
				B400A2532868B61200AED6D7 /* RickAndMorty_GraphQLUITests.swift in Sources */,
				B400A2552868B61200AED6D7 /* RickAndMorty_GraphQLUITestsLaunchTests.swift in Sources */,
			);
			runOnlyForDeploymentPostprocessing = 0;
		};
/* End PBXSourcesBuildPhase section */

/* Begin PBXTargetDependency section */
		B400A2462868B61200AED6D7 /* PBXTargetDependency */ = {
			isa = PBXTargetDependency;
			target = B400A22D2868B61100AED6D7 /* RickAndMorty-GraphQL */;
			targetProxy = B400A2452868B61200AED6D7 /* PBXContainerItemProxy */;
		};
		B400A2502868B61200AED6D7 /* PBXTargetDependency */ = {
			isa = PBXTargetDependency;
			target = B400A22D2868B61100AED6D7 /* RickAndMorty-GraphQL */;
			targetProxy = B400A24F2868B61200AED6D7 /* PBXContainerItemProxy */;
		};
/* End PBXTargetDependency section */

/* Begin PBXVariantGroup section */
		B400A23C2868B61200AED6D7 /* LaunchScreen.storyboard */ = {
			isa = PBXVariantGroup;
			children = (
				B400A23D2868B61200AED6D7 /* Base */,
			);
			name = LaunchScreen.storyboard;
			sourceTree = "<group>";
		};
/* End PBXVariantGroup section */

/* Begin XCBuildConfiguration section */
		B400A2562868B61200AED6D7 /* Debug */ = {
			isa = XCBuildConfiguration;
			buildSettings = {
				ALWAYS_SEARCH_USER_PATHS = NO;
				CLANG_ANALYZER_NONNULL = YES;
				CLANG_ANALYZER_NUMBER_OBJECT_CONVERSION = YES_AGGRESSIVE;
				CLANG_CXX_LANGUAGE_STANDARD = "gnu++17";
				CLANG_ENABLE_MODULES = YES;
				CLANG_ENABLE_OBJC_ARC = YES;
				CLANG_ENABLE_OBJC_WEAK = YES;
				CLANG_WARN_BLOCK_CAPTURE_AUTORELEASING = YES;
				CLANG_WARN_BOOL_CONVERSION = YES;
				CLANG_WARN_COMMA = YES;
				CLANG_WARN_CONSTANT_CONVERSION = YES;
				CLANG_WARN_DEPRECATED_OBJC_IMPLEMENTATIONS = YES;
				CLANG_WARN_DIRECT_OBJC_ISA_USAGE = YES_ERROR;
				CLANG_WARN_DOCUMENTATION_COMMENTS = YES;
				CLANG_WARN_EMPTY_BODY = YES;
				CLANG_WARN_ENUM_CONVERSION = YES;
				CLANG_WARN_INFINITE_RECURSION = YES;
				CLANG_WARN_INT_CONVERSION = YES;
				CLANG_WARN_NON_LITERAL_NULL_CONVERSION = YES;
				CLANG_WARN_OBJC_IMPLICIT_RETAIN_SELF = YES;
				CLANG_WARN_OBJC_LITERAL_CONVERSION = YES;
				CLANG_WARN_OBJC_ROOT_CLASS = YES_ERROR;
				CLANG_WARN_QUOTED_INCLUDE_IN_FRAMEWORK_HEADER = YES;
				CLANG_WARN_RANGE_LOOP_ANALYSIS = YES;
				CLANG_WARN_STRICT_PROTOTYPES = YES;
				CLANG_WARN_SUSPICIOUS_MOVE = YES;
				CLANG_WARN_UNGUARDED_AVAILABILITY = YES_AGGRESSIVE;
				CLANG_WARN_UNREACHABLE_CODE = YES;
				CLANG_WARN__DUPLICATE_METHOD_MATCH = YES;
				COPY_PHASE_STRIP = NO;
				DEBUG_INFORMATION_FORMAT = dwarf;
				ENABLE_STRICT_OBJC_MSGSEND = YES;
				ENABLE_TESTABILITY = YES;
				GCC_C_LANGUAGE_STANDARD = gnu11;
				GCC_DYNAMIC_NO_PIC = NO;
				GCC_NO_COMMON_BLOCKS = YES;
				GCC_OPTIMIZATION_LEVEL = 0;
				GCC_PREPROCESSOR_DEFINITIONS = (
					"DEBUG=1",
					"$(inherited)",
				);
				GCC_WARN_64_TO_32_BIT_CONVERSION = YES;
				GCC_WARN_ABOUT_RETURN_TYPE = YES_ERROR;
				GCC_WARN_UNDECLARED_SELECTOR = YES;
				GCC_WARN_UNINITIALIZED_AUTOS = YES_AGGRESSIVE;
				GCC_WARN_UNUSED_FUNCTION = YES;
				GCC_WARN_UNUSED_VARIABLE = YES;
				IPHONEOS_DEPLOYMENT_TARGET = 15.4;
				MTL_ENABLE_DEBUG_INFO = INCLUDE_SOURCE;
				MTL_FAST_MATH = YES;
				ONLY_ACTIVE_ARCH = YES;
				SDKROOT = iphoneos;
				SWIFT_ACTIVE_COMPILATION_CONDITIONS = DEBUG;
				SWIFT_OPTIMIZATION_LEVEL = "-Onone";
			};
			name = Debug;
		};
		B400A2572868B61200AED6D7 /* Release */ = {
			isa = XCBuildConfiguration;
			buildSettings = {
				ALWAYS_SEARCH_USER_PATHS = NO;
				CLANG_ANALYZER_NONNULL = YES;
				CLANG_ANALYZER_NUMBER_OBJECT_CONVERSION = YES_AGGRESSIVE;
				CLANG_CXX_LANGUAGE_STANDARD = "gnu++17";
				CLANG_ENABLE_MODULES = YES;
				CLANG_ENABLE_OBJC_ARC = YES;
				CLANG_ENABLE_OBJC_WEAK = YES;
				CLANG_WARN_BLOCK_CAPTURE_AUTORELEASING = YES;
				CLANG_WARN_BOOL_CONVERSION = YES;
				CLANG_WARN_COMMA = YES;
				CLANG_WARN_CONSTANT_CONVERSION = YES;
				CLANG_WARN_DEPRECATED_OBJC_IMPLEMENTATIONS = YES;
				CLANG_WARN_DIRECT_OBJC_ISA_USAGE = YES_ERROR;
				CLANG_WARN_DOCUMENTATION_COMMENTS = YES;
				CLANG_WARN_EMPTY_BODY = YES;
				CLANG_WARN_ENUM_CONVERSION = YES;
				CLANG_WARN_INFINITE_RECURSION = YES;
				CLANG_WARN_INT_CONVERSION = YES;
				CLANG_WARN_NON_LITERAL_NULL_CONVERSION = YES;
				CLANG_WARN_OBJC_IMPLICIT_RETAIN_SELF = YES;
				CLANG_WARN_OBJC_LITERAL_CONVERSION = YES;
				CLANG_WARN_OBJC_ROOT_CLASS = YES_ERROR;
				CLANG_WARN_QUOTED_INCLUDE_IN_FRAMEWORK_HEADER = YES;
				CLANG_WARN_RANGE_LOOP_ANALYSIS = YES;
				CLANG_WARN_STRICT_PROTOTYPES = YES;
				CLANG_WARN_SUSPICIOUS_MOVE = YES;
				CLANG_WARN_UNGUARDED_AVAILABILITY = YES_AGGRESSIVE;
				CLANG_WARN_UNREACHABLE_CODE = YES;
				CLANG_WARN__DUPLICATE_METHOD_MATCH = YES;
				COPY_PHASE_STRIP = NO;
				DEBUG_INFORMATION_FORMAT = "dwarf-with-dsym";
				ENABLE_NS_ASSERTIONS = NO;
				ENABLE_STRICT_OBJC_MSGSEND = YES;
				GCC_C_LANGUAGE_STANDARD = gnu11;
				GCC_NO_COMMON_BLOCKS = YES;
				GCC_WARN_64_TO_32_BIT_CONVERSION = YES;
				GCC_WARN_ABOUT_RETURN_TYPE = YES_ERROR;
				GCC_WARN_UNDECLARED_SELECTOR = YES;
				GCC_WARN_UNINITIALIZED_AUTOS = YES_AGGRESSIVE;
				GCC_WARN_UNUSED_FUNCTION = YES;
				GCC_WARN_UNUSED_VARIABLE = YES;
				IPHONEOS_DEPLOYMENT_TARGET = 15.4;
				MTL_ENABLE_DEBUG_INFO = NO;
				MTL_FAST_MATH = YES;
				SDKROOT = iphoneos;
				SWIFT_COMPILATION_MODE = wholemodule;
				SWIFT_OPTIMIZATION_LEVEL = "-O";
				VALIDATE_PRODUCT = YES;
			};
			name = Release;
		};
		B400A2592868B61300AED6D7 /* Debug */ = {
			isa = XCBuildConfiguration;
			baseConfigurationReference = 0A91E1B63CCD62AA3490F501 /* Pods-RickAndMorty-GraphQL.debug.xcconfig */;
			buildSettings = {
				ASSETCATALOG_COMPILER_APPICON_NAME = AppIcon;
				ASSETCATALOG_COMPILER_GLOBAL_ACCENT_COLOR_NAME = AccentColor;
				CODE_SIGN_STYLE = Automatic;
				CURRENT_PROJECT_VERSION = 1;
				DEVELOPMENT_TEAM = FKYKQ78NXT;
				GENERATE_INFOPLIST_FILE = YES;
				INFOPLIST_FILE = "RickAndMorty-GraphQL/Info.plist";
				INFOPLIST_KEY_UIApplicationSupportsIndirectInputEvents = YES;
				INFOPLIST_KEY_UILaunchStoryboardName = LaunchScreen;
				INFOPLIST_KEY_UISupportedInterfaceOrientations = UIInterfaceOrientationPortrait;
				INFOPLIST_KEY_UISupportedInterfaceOrientations_iPad = "UIInterfaceOrientationPortrait UIInterfaceOrientationPortraitUpsideDown UIInterfaceOrientationLandscapeLeft UIInterfaceOrientationLandscapeRight";
				INFOPLIST_KEY_UISupportedInterfaceOrientations_iPhone = UIInterfaceOrientationPortrait;
				INFOPLIST_KEY_UIUserInterfaceStyle = Light;
				IPHONEOS_DEPLOYMENT_TARGET = 14.0;
				LD_RUNPATH_SEARCH_PATHS = (
					"$(inherited)",
					"@executable_path/Frameworks",
				);
				MARKETING_VERSION = 1.0;
				PRODUCT_BUNDLE_IDENTIFIER = "com.mertgokduman.RickAndMorty-GraphQL";
				PRODUCT_NAME = "$(TARGET_NAME)";
				SWIFT_EMIT_LOC_STRINGS = YES;
				SWIFT_VERSION = 5.0;
				TARGETED_DEVICE_FAMILY = 1;
			};
			name = Debug;
		};
		B400A25A2868B61300AED6D7 /* Release */ = {
			isa = XCBuildConfiguration;
			baseConfigurationReference = CA8209C95B25DF8215509761 /* Pods-RickAndMorty-GraphQL.release.xcconfig */;
			buildSettings = {
				ASSETCATALOG_COMPILER_APPICON_NAME = AppIcon;
				ASSETCATALOG_COMPILER_GLOBAL_ACCENT_COLOR_NAME = AccentColor;
				CODE_SIGN_STYLE = Automatic;
				CURRENT_PROJECT_VERSION = 1;
				DEVELOPMENT_TEAM = FKYKQ78NXT;
				GENERATE_INFOPLIST_FILE = YES;
				INFOPLIST_FILE = "RickAndMorty-GraphQL/Info.plist";
				INFOPLIST_KEY_UIApplicationSupportsIndirectInputEvents = YES;
				INFOPLIST_KEY_UILaunchStoryboardName = LaunchScreen;
				INFOPLIST_KEY_UISupportedInterfaceOrientations = UIInterfaceOrientationPortrait;
				INFOPLIST_KEY_UISupportedInterfaceOrientations_iPad = "UIInterfaceOrientationPortrait UIInterfaceOrientationPortraitUpsideDown UIInterfaceOrientationLandscapeLeft UIInterfaceOrientationLandscapeRight";
				INFOPLIST_KEY_UISupportedInterfaceOrientations_iPhone = UIInterfaceOrientationPortrait;
				INFOPLIST_KEY_UIUserInterfaceStyle = Light;
				IPHONEOS_DEPLOYMENT_TARGET = 14.0;
				LD_RUNPATH_SEARCH_PATHS = (
					"$(inherited)",
					"@executable_path/Frameworks",
				);
				MARKETING_VERSION = 1.0;
				PRODUCT_BUNDLE_IDENTIFIER = "com.mertgokduman.RickAndMorty-GraphQL";
				PRODUCT_NAME = "$(TARGET_NAME)";
				SWIFT_EMIT_LOC_STRINGS = YES;
				SWIFT_VERSION = 5.0;
				TARGETED_DEVICE_FAMILY = 1;
			};
			name = Release;
		};
		B400A25C2868B61300AED6D7 /* Debug */ = {
			isa = XCBuildConfiguration;
			baseConfigurationReference = 550554D9D48A7E5218CB71C0 /* Pods-RickAndMorty-GraphQLTests.debug.xcconfig */;
			buildSettings = {
				ALWAYS_EMBED_SWIFT_STANDARD_LIBRARIES = YES;
				BUNDLE_LOADER = "$(TEST_HOST)";
				CODE_SIGN_STYLE = Automatic;
				CURRENT_PROJECT_VERSION = 1;
				DEVELOPMENT_TEAM = FKYKQ78NXT;
				GENERATE_INFOPLIST_FILE = YES;
				IPHONEOS_DEPLOYMENT_TARGET = 15.4;
				MARKETING_VERSION = 1.0;
				PRODUCT_BUNDLE_IDENTIFIER = "com.mertgokduman.RickAndMorty-GraphQLTests";
				PRODUCT_NAME = "$(TARGET_NAME)";
				SWIFT_EMIT_LOC_STRINGS = NO;
				SWIFT_VERSION = 5.0;
				TARGETED_DEVICE_FAMILY = "1,2";
				TEST_HOST = "$(BUILT_PRODUCTS_DIR)/RickAndMorty-GraphQL.app/RickAndMorty-GraphQL";
			};
			name = Debug;
		};
		B400A25D2868B61300AED6D7 /* Release */ = {
			isa = XCBuildConfiguration;
			baseConfigurationReference = 938FD059CC97F58D5B3848DE /* Pods-RickAndMorty-GraphQLTests.release.xcconfig */;
			buildSettings = {
				ALWAYS_EMBED_SWIFT_STANDARD_LIBRARIES = YES;
				BUNDLE_LOADER = "$(TEST_HOST)";
				CODE_SIGN_STYLE = Automatic;
				CURRENT_PROJECT_VERSION = 1;
				DEVELOPMENT_TEAM = FKYKQ78NXT;
				GENERATE_INFOPLIST_FILE = YES;
				IPHONEOS_DEPLOYMENT_TARGET = 15.4;
				MARKETING_VERSION = 1.0;
				PRODUCT_BUNDLE_IDENTIFIER = "com.mertgokduman.RickAndMorty-GraphQLTests";
				PRODUCT_NAME = "$(TARGET_NAME)";
				SWIFT_EMIT_LOC_STRINGS = NO;
				SWIFT_VERSION = 5.0;
				TARGETED_DEVICE_FAMILY = "1,2";
				TEST_HOST = "$(BUILT_PRODUCTS_DIR)/RickAndMorty-GraphQL.app/RickAndMorty-GraphQL";
			};
			name = Release;
		};
		B400A25F2868B61300AED6D7 /* Debug */ = {
			isa = XCBuildConfiguration;
			baseConfigurationReference = 26AC363D30CA5750E611DDE1 /* Pods-RickAndMorty-GraphQL-RickAndMorty-GraphQLUITests.debug.xcconfig */;
			buildSettings = {
				ALWAYS_EMBED_SWIFT_STANDARD_LIBRARIES = YES;
				CODE_SIGN_STYLE = Automatic;
				CURRENT_PROJECT_VERSION = 1;
				DEVELOPMENT_TEAM = FKYKQ78NXT;
				GENERATE_INFOPLIST_FILE = YES;
				MARKETING_VERSION = 1.0;
				PRODUCT_BUNDLE_IDENTIFIER = "com.mertgokduman.RickAndMorty-GraphQLUITests";
				PRODUCT_NAME = "$(TARGET_NAME)";
				SWIFT_EMIT_LOC_STRINGS = NO;
				SWIFT_VERSION = 5.0;
				TARGETED_DEVICE_FAMILY = "1,2";
				TEST_TARGET_NAME = "RickAndMorty-GraphQL";
			};
			name = Debug;
		};
		B400A2602868B61300AED6D7 /* Release */ = {
			isa = XCBuildConfiguration;
			baseConfigurationReference = 9CEC29CDA6A4862E2E144191 /* Pods-RickAndMorty-GraphQL-RickAndMorty-GraphQLUITests.release.xcconfig */;
			buildSettings = {
				ALWAYS_EMBED_SWIFT_STANDARD_LIBRARIES = YES;
				CODE_SIGN_STYLE = Automatic;
				CURRENT_PROJECT_VERSION = 1;
				DEVELOPMENT_TEAM = FKYKQ78NXT;
				GENERATE_INFOPLIST_FILE = YES;
				MARKETING_VERSION = 1.0;
				PRODUCT_BUNDLE_IDENTIFIER = "com.mertgokduman.RickAndMorty-GraphQLUITests";
				PRODUCT_NAME = "$(TARGET_NAME)";
				SWIFT_EMIT_LOC_STRINGS = NO;
				SWIFT_VERSION = 5.0;
				TARGETED_DEVICE_FAMILY = "1,2";
				TEST_TARGET_NAME = "RickAndMorty-GraphQL";
			};
			name = Release;
		};
/* End XCBuildConfiguration section */

/* Begin XCConfigurationList section */
		B400A2292868B61100AED6D7 /* Build configuration list for PBXProject "RickAndMorty-GraphQL" */ = {
			isa = XCConfigurationList;
			buildConfigurations = (
				B400A2562868B61200AED6D7 /* Debug */,
				B400A2572868B61200AED6D7 /* Release */,
			);
			defaultConfigurationIsVisible = 0;
			defaultConfigurationName = Release;
		};
		B400A2582868B61300AED6D7 /* Build configuration list for PBXNativeTarget "RickAndMorty-GraphQL" */ = {
			isa = XCConfigurationList;
			buildConfigurations = (
				B400A2592868B61300AED6D7 /* Debug */,
				B400A25A2868B61300AED6D7 /* Release */,
			);
			defaultConfigurationIsVisible = 0;
			defaultConfigurationName = Release;
		};
		B400A25B2868B61300AED6D7 /* Build configuration list for PBXNativeTarget "RickAndMorty-GraphQLTests" */ = {
			isa = XCConfigurationList;
			buildConfigurations = (
				B400A25C2868B61300AED6D7 /* Debug */,
				B400A25D2868B61300AED6D7 /* Release */,
			);
			defaultConfigurationIsVisible = 0;
			defaultConfigurationName = Release;
		};
		B400A25E2868B61300AED6D7 /* Build configuration list for PBXNativeTarget "RickAndMorty-GraphQLUITests" */ = {
			isa = XCConfigurationList;
			buildConfigurations = (
				B400A25F2868B61300AED6D7 /* Debug */,
				B400A2602868B61300AED6D7 /* Release */,
			);
			defaultConfigurationIsVisible = 0;
			defaultConfigurationName = Release;
		};
/* End XCConfigurationList section */
	};
	rootObject = B400A2262868B61100AED6D7 /* Project object */;
}
